
Microsoft Visual Studio Solution File, Format Version 12.00
# Visual Studio 15
VisualStudioVersion = 15.0.28307.421
MinimumVisualStudioVersion = 10.0.40219.1
Project("{FAE04EC0-301F-11D3-BF4B-00C04F79EFBC}") = "ConsoleApp1", "ConsoleApp1\ConsoleApp1.csproj", "{FAC21D71-66AE-4670-A9C8-760C626F340E}"
EndProject
Global
	GlobalSection(SolutionConfigurationPlatforms) = preSolution
		Debug|Any CPU = Debug|Any CPU
		Release|Any CPU = Release|Any CPU
	EndGlobalSection
	GlobalSection(ProjectConfigurationPlatforms) = postSolution
		{FAC21D71-66AE-4670-A9C8-760C626F340E}.Debug|Any CPU.ActiveCfg = Debug|Any CPU
		{FAC21D71-66AE-4670-A9C8-760C626F340E}.Debug|Any CPU.Build.0 = Debug|Any CPU
		{FAC21D71-66AE-4670-A9C8-760C626F340E}.Release|Any CPU.ActiveCfg = Release|Any CPU
		{FAC21D71-66AE-4670-A9C8-760C626F340E}.Release|Any CPU.Build.0 = Release|Any CPU
	EndGlobalSection
	GlobalSection(SolutionProperties) = preSolution
		HideSolutionNode = FALSE
	EndGlobalSection
	GlobalSection(ExtensibilityGlobals) = postSolution
		SolutionGuid = {04BB175B-6FA5-445F-B444-5D71F15E77CC}
	EndGlobalSection
EndGlobal
